
Microsoft Visual Studio Solution File, Format Version 12.00
# Visual Studio 15
VisualStudioVersion = 15.0.26430.6
MinimumVisualStudioVersion = 10.0.40219.1
Project("{FAE04EC0-301F-11D3-BF4B-00C04F79EFBC}") = "WR.Models", "WR.Models\WR.Models.csproj", "{B2695E98-2452-4150-9A00-8D458EAC7E2D}"
EndProject
Project("{FAE04EC0-301F-11D3-BF4B-00C04F79EFBC}") = "WR.ViewModels", "WR.ViewModels\WR.ViewModels.csproj", "{B69C8743-BD70-475E-B6D0-F22134888B68}"
EndProject
Project("{2150E333-8FDC-42A3-9474-1A3956D46DE8}") = "1 - Interfaces", "1 - Interfaces", "{D32F623A-AAE9-497D-B2CC-BA6AEF37B80E}"
EndProject
Project("{2150E333-8FDC-42A3-9474-1A3956D46DE8}") = "2 - ViewModels", "2 - ViewModels", "{5B4FA276-65D5-4C06-B0CE-A5A9DF470345}"
EndProject
Project("{2150E333-8FDC-42A3-9474-1A3956D46DE8}") = "3 - Models", "3 - Models", "{DDED50A8-69DC-42B7-BB23-85C46BCBEBD5}"
EndProject
Project("{2150E333-8FDC-42A3-9474-1A3956D46DE8}") = "4 - Testing", "4 - Testing", "{8F55B62E-A6D3-41FC-AF74-60F5D637725B}"
EndProject
Project("{FAE04EC0-301F-11D3-BF4B-00C04F79EFBC}") = "WR.Testing", "WR.Testing\WR.Testing.csproj", "{61C46603-CB09-43EF-B21C-107663DE4315}"
EndProject
Project("{F184B08F-C81C-45F6-A57F-5ABD9991F28F}") = "WR.InterfaceWin", "WR.InterfaceWin\WR.InterfaceWin.vbproj", "{5ECF2AC9-DB6B-4B37-8E24-67F943A27D0A}"
EndProject
Project("{2150E333-8FDC-42A3-9474-1A3956D46DE8}") = "5 - Instalador", "5 - Instalador", "{34825B00-B9D4-46F8-8A90-E3B40346B5C0}"
EndProject
Project("{54435603-DBB4-11D2-8724-00A0C9A8B90C}") = "WorshipReminder", "WorshipReminder\WorshipReminder.vdproj", "{F0BFA92B-E30E-4A5A-B5B0-F57E94AEF278}"
EndProject
Global
	GlobalSection(SolutionConfigurationPlatforms) = preSolution
		Ad-Hoc|Any CPU = Ad-Hoc|Any CPU
		Ad-Hoc|ARM = Ad-Hoc|ARM
		Ad-Hoc|iPhone = Ad-Hoc|iPhone
		Ad-Hoc|iPhoneSimulator = Ad-Hoc|iPhoneSimulator
		Ad-Hoc|x64 = Ad-Hoc|x64
		Ad-Hoc|x86 = Ad-Hoc|x86
		AppStore|Any CPU = AppStore|Any CPU
		AppStore|ARM = AppStore|ARM
		AppStore|iPhone = AppStore|iPhone
		AppStore|iPhoneSimulator = AppStore|iPhoneSimulator
		AppStore|x64 = AppStore|x64
		AppStore|x86 = AppStore|x86
		Debug|Any CPU = Debug|Any CPU
		Debug|ARM = Debug|ARM
		Debug|iPhone = Debug|iPhone
		Debug|iPhoneSimulator = Debug|iPhoneSimulator
		Debug|x64 = Debug|x64
		Debug|x86 = Debug|x86
		Release|Any CPU = Release|Any CPU
		Release|ARM = Release|ARM
		Release|iPhone = Release|iPhone
		Release|iPhoneSimulator = Release|iPhoneSimulator
		Release|x64 = Release|x64
		Release|x86 = Release|x86
	EndGlobalSection
	GlobalSection(ProjectConfigurationPlatforms) = postSolution
		{B2695E98-2452-4150-9A00-8D458EAC7E2D}.Ad-Hoc|Any CPU.ActiveCfg = Release|Any CPU
		{B2695E98-2452-4150-9A00-8D458EAC7E2D}.Ad-Hoc|Any CPU.Build.0 = Release|Any CPU
		{B2695E98-2452-4150-9A00-8D458EAC7E2D}.Ad-Hoc|ARM.ActiveCfg = Release|Any CPU
		{B2695E98-2452-4150-9A00-8D458EAC7E2D}.Ad-Hoc|ARM.Build.0 = Release|Any CPU
		{B2695E98-2452-4150-9A00-8D458EAC7E2D}.Ad-Hoc|iPhone.ActiveCfg = Release|Any CPU
		{B2695E98-2452-4150-9A00-8D458EAC7E2D}.Ad-Hoc|iPhone.Build.0 = Release|Any CPU
		{B2695E98-2452-4150-9A00-8D458EAC7E2D}.Ad-Hoc|iPhoneSimulator.ActiveCfg = Release|Any CPU
		{B2695E98-2452-4150-9A00-8D458EAC7E2D}.Ad-Hoc|iPhoneSimulator.Build.0 = Release|Any CPU
		{B2695E98-2452-4150-9A00-8D458EAC7E2D}.Ad-Hoc|x64.ActiveCfg = Release|Any CPU
		{B2695E98-2452-4150-9A00-8D458EAC7E2D}.Ad-Hoc|x64.Build.0 = Release|Any CPU
		{B2695E98-2452-4150-9A00-8D458EAC7E2D}.Ad-Hoc|x86.ActiveCfg = Release|Any CPU
		{B2695E98-2452-4150-9A00-8D458EAC7E2D}.Ad-Hoc|x86.Build.0 = Release|Any CPU
		{B2695E98-2452-4150-9A00-8D458EAC7E2D}.AppStore|Any CPU.ActiveCfg = Release|Any CPU
		{B2695E98-2452-4150-9A00-8D458EAC7E2D}.AppStore|Any CPU.Build.0 = Release|Any CPU
		{B2695E98-2452-4150-9A00-8D458EAC7E2D}.AppStore|ARM.ActiveCfg = Release|Any CPU
		{B2695E98-2452-4150-9A00-8D458EAC7E2D}.AppStore|ARM.Build.0 = Release|Any CPU
		{B2695E98-2452-4150-9A00-8D458EAC7E2D}.AppStore|iPhone.ActiveCfg = Release|Any CPU
		{B2695E98-2452-4150-9A00-8D458EAC7E2D}.AppStore|iPhone.Build.0 = Release|Any CPU
		{B2695E98-2452-4150-9A00-8D458EAC7E2D}.AppStore|iPhoneSimulator.ActiveCfg = Release|Any CPU
		{B2695E98-2452-4150-9A00-8D458EAC7E2D}.AppStore|iPhoneSimulator.Build.0 = Release|Any CPU
		{B2695E98-2452-4150-9A00-8D458EAC7E2D}.AppStore|x64.ActiveCfg = Release|Any CPU
		{B2695E98-2452-4150-9A00-8D458EAC7E2D}.AppStore|x64.Build.0 = Release|Any CPU
		{B2695E98-2452-4150-9A00-8D458EAC7E2D}.AppStore|x86.ActiveCfg = Release|Any CPU
		{B2695E98-2452-4150-9A00-8D458EAC7E2D}.AppStore|x86.Build.0 = Release|Any CPU
		{B2695E98-2452-4150-9A00-8D458EAC7E2D}.Debug|Any CPU.ActiveCfg = Debug|Any CPU
		{B2695E98-2452-4150-9A00-8D458EAC7E2D}.Debug|Any CPU.Build.0 = Debug|Any CPU
		{B2695E98-2452-4150-9A00-8D458EAC7E2D}.Debug|ARM.ActiveCfg = Debug|Any CPU
		{B2695E98-2452-4150-9A00-8D458EAC7E2D}.Debug|ARM.Build.0 = Debug|Any CPU
		{B2695E98-2452-4150-9A00-8D458EAC7E2D}.Debug|iPhone.ActiveCfg = Debug|Any CPU
		{B2695E98-2452-4150-9A00-8D458EAC7E2D}.Debug|iPhone.Build.0 = Debug|Any CPU
		{B2695E98-2452-4150-9A00-8D458EAC7E2D}.Debug|iPhoneSimulator.ActiveCfg = Debug|Any CPU
		{B2695E98-2452-4150-9A00-8D458EAC7E2D}.Debug|iPhoneSimulator.Build.0 = Debug|Any CPU
		{B2695E98-2452-4150-9A00-8D458EAC7E2D}.Debug|x64.ActiveCfg = Debug|Any CPU
		{B2695E98-2452-4150-9A00-8D458EAC7E2D}.Debug|x64.Build.0 = Debug|Any CPU
		{B2695E98-2452-4150-9A00-8D458EAC7E2D}.Debug|x86.ActiveCfg = Debug|Any CPU
		{B2695E98-2452-4150-9A00-8D458EAC7E2D}.Debug|x86.Build.0 = Debug|Any CPU
		{B2695E98-2452-4150-9A00-8D458EAC7E2D}.Release|Any CPU.ActiveCfg = Release|Any CPU
		{B2695E98-2452-4150-9A00-8D458EAC7E2D}.Release|Any CPU.Build.0 = Release|Any CPU
		{B2695E98-2452-4150-9A00-8D458EAC7E2D}.Release|ARM.ActiveCfg = Release|Any CPU
		{B2695E98-2452-4150-9A00-8D458EAC7E2D}.Release|ARM.Build.0 = Release|Any CPU
		{B2695E98-2452-4150-9A00-8D458EAC7E2D}.Release|iPhone.ActiveCfg = Release|Any CPU
		{B2695E98-2452-4150-9A00-8D458EAC7E2D}.Release|iPhone.Build.0 = Release|Any CPU
		{B2695E98-2452-4150-9A00-8D458EAC7E2D}.Release|iPhoneSimulator.ActiveCfg = Release|Any CPU
		{B2695E98-2452-4150-9A00-8D458EAC7E2D}.Release|iPhoneSimulator.Build.0 = Release|Any CPU
		{B2695E98-2452-4150-9A00-8D458EAC7E2D}.Release|x64.ActiveCfg = Release|Any CPU
		{B2695E98-2452-4150-9A00-8D458EAC7E2D}.Release|x64.Build.0 = Release|Any CPU
		{B2695E98-2452-4150-9A00-8D458EAC7E2D}.Release|x86.ActiveCfg = Release|Any CPU
		{B2695E98-2452-4150-9A00-8D458EAC7E2D}.Release|x86.Build.0 = Release|Any CPU
		{B69C8743-BD70-475E-B6D0-F22134888B68}.Ad-Hoc|Any CPU.ActiveCfg = Release|Any CPU
		{B69C8743-BD70-475E-B6D0-F22134888B68}.Ad-Hoc|Any CPU.Build.0 = Release|Any CPU
		{B69C8743-BD70-475E-B6D0-F22134888B68}.Ad-Hoc|ARM.ActiveCfg = Release|Any CPU
		{B69C8743-BD70-475E-B6D0-F22134888B68}.Ad-Hoc|ARM.Build.0 = Release|Any CPU
		{B69C8743-BD70-475E-B6D0-F22134888B68}.Ad-Hoc|iPhone.ActiveCfg = Release|Any CPU
		{B69C8743-BD70-475E-B6D0-F22134888B68}.Ad-Hoc|iPhone.Build.0 = Release|Any CPU
		{B69C8743-BD70-475E-B6D0-F22134888B68}.Ad-Hoc|iPhoneSimulator.ActiveCfg = Release|Any CPU
		{B69C8743-BD70-475E-B6D0-F22134888B68}.Ad-Hoc|iPhoneSimulator.Build.0 = Release|Any CPU
		{B69C8743-BD70-475E-B6D0-F22134888B68}.Ad-Hoc|x64.ActiveCfg = Release|Any CPU
		{B69C8743-BD70-475E-B6D0-F22134888B68}.Ad-Hoc|x64.Build.0 = Release|Any CPU
		{B69C8743-BD70-475E-B6D0-F22134888B68}.Ad-Hoc|x86.ActiveCfg = Release|Any CPU
		{B69C8743-BD70-475E-B6D0-F22134888B68}.Ad-Hoc|x86.Build.0 = Release|Any CPU
		{B69C8743-BD70-475E-B6D0-F22134888B68}.AppStore|Any CPU.ActiveCfg = Release|Any CPU
		{B69C8743-BD70-475E-B6D0-F22134888B68}.AppStore|Any CPU.Build.0 = Release|Any CPU
		{B69C8743-BD70-475E-B6D0-F22134888B68}.AppStore|ARM.ActiveCfg = Release|Any CPU
		{B69C8743-BD70-475E-B6D0-F22134888B68}.AppStore|ARM.Build.0 = Release|Any CPU
		{B69C8743-BD70-475E-B6D0-F22134888B68}.AppStore|iPhone.ActiveCfg = Release|Any CPU
		{B69C8743-BD70-475E-B6D0-F22134888B68}.AppStore|iPhone.Build.0 = Release|Any CPU
		{B69C8743-BD70-475E-B6D0-F22134888B68}.AppStore|iPhoneSimulator.ActiveCfg = Release|Any CPU
		{B69C8743-BD70-475E-B6D0-F22134888B68}.AppStore|iPhoneSimulator.Build.0 = Release|Any CPU
		{B69C8743-BD70-475E-B6D0-F22134888B68}.AppStore|x64.ActiveCfg = Release|Any CPU
		{B69C8743-BD70-475E-B6D0-F22134888B68}.AppStore|x64.Build.0 = Release|Any CPU
		{B69C8743-BD70-475E-B6D0-F22134888B68}.AppStore|x86.ActiveCfg = Release|Any CPU
		{B69C8743-BD70-475E-B6D0-F22134888B68}.AppStore|x86.Build.0 = Release|Any CPU
		{B69C8743-BD70-475E-B6D0-F22134888B68}.Debug|Any CPU.ActiveCfg = Debug|Any CPU
		{B69C8743-BD70-475E-B6D0-F22134888B68}.Debug|Any CPU.Build.0 = Debug|Any CPU
		{B69C8743-BD70-475E-B6D0-F22134888B68}.Debug|ARM.ActiveCfg = Debug|Any CPU
		{B69C8743-BD70-475E-B6D0-F22134888B68}.Debug|ARM.Build.0 = Debug|Any CPU
		{B69C8743-BD70-475E-B6D0-F22134888B68}.Debug|iPhone.ActiveCfg = Debug|Any CPU
		{B69C8743-BD70-475E-B6D0-F22134888B68}.Debug|iPhone.Build.0 = Debug|Any CPU
		{B69C8743-BD70-475E-B6D0-F22134888B68}.Debug|iPhoneSimulator.ActiveCfg = Debug|Any CPU
		{B69C8743-BD70-475E-B6D0-F22134888B68}.Debug|iPhoneSimulator.Build.0 = Debug|Any CPU
		{B69C8743-BD70-475E-B6D0-F22134888B68}.Debug|x64.ActiveCfg = Debug|Any CPU
		{B69C8743-BD70-475E-B6D0-F22134888B68}.Debug|x64.Build.0 = Debug|Any CPU
		{B69C8743-BD70-475E-B6D0-F22134888B68}.Debug|x86.ActiveCfg = Debug|Any CPU
		{B69C8743-BD70-475E-B6D0-F22134888B68}.Debug|x86.Build.0 = Debug|Any CPU
		{B69C8743-BD70-475E-B6D0-F22134888B68}.Release|Any CPU.ActiveCfg = Release|Any CPU
		{B69C8743-BD70-475E-B6D0-F22134888B68}.Release|Any CPU.Build.0 = Release|Any CPU
		{B69C8743-BD70-475E-B6D0-F22134888B68}.Release|ARM.ActiveCfg = Release|Any CPU
		{B69C8743-BD70-475E-B6D0-F22134888B68}.Release|ARM.Build.0 = Release|Any CPU
		{B69C8743-BD70-475E-B6D0-F22134888B68}.Release|iPhone.ActiveCfg = Release|Any CPU
		{B69C8743-BD70-475E-B6D0-F22134888B68}.Release|iPhone.Build.0 = Release|Any CPU
		{B69C8743-BD70-475E-B6D0-F22134888B68}.Release|iPhoneSimulator.ActiveCfg = Release|Any CPU
		{B69C8743-BD70-475E-B6D0-F22134888B68}.Release|iPhoneSimulator.Build.0 = Release|Any CPU
		{B69C8743-BD70-475E-B6D0-F22134888B68}.Release|x64.ActiveCfg = Release|Any CPU
		{B69C8743-BD70-475E-B6D0-F22134888B68}.Release|x64.Build.0 = Release|Any CPU
		{B69C8743-BD70-475E-B6D0-F22134888B68}.Release|x86.ActiveCfg = Release|Any CPU
		{B69C8743-BD70-475E-B6D0-F22134888B68}.Release|x86.Build.0 = Release|Any CPU
		{61C46603-CB09-43EF-B21C-107663DE4315}.Ad-Hoc|Any CPU.ActiveCfg = Release|Any CPU
		{61C46603-CB09-43EF-B21C-107663DE4315}.Ad-Hoc|Any CPU.Build.0 = Release|Any CPU
		{61C46603-CB09-43EF-B21C-107663DE4315}.Ad-Hoc|ARM.ActiveCfg = Release|Any CPU
		{61C46603-CB09-43EF-B21C-107663DE4315}.Ad-Hoc|ARM.Build.0 = Release|Any CPU
		{61C46603-CB09-43EF-B21C-107663DE4315}.Ad-Hoc|iPhone.ActiveCfg = Release|Any CPU
		{61C46603-CB09-43EF-B21C-107663DE4315}.Ad-Hoc|iPhone.Build.0 = Release|Any CPU
		{61C46603-CB09-43EF-B21C-107663DE4315}.Ad-Hoc|iPhoneSimulator.ActiveCfg = Release|Any CPU
		{61C46603-CB09-43EF-B21C-107663DE4315}.Ad-Hoc|iPhoneSimulator.Build.0 = Release|Any CPU
		{61C46603-CB09-43EF-B21C-107663DE4315}.Ad-Hoc|x64.ActiveCfg = Release|Any CPU
		{61C46603-CB09-43EF-B21C-107663DE4315}.Ad-Hoc|x64.Build.0 = Release|Any CPU
		{61C46603-CB09-43EF-B21C-107663DE4315}.Ad-Hoc|x86.ActiveCfg = Release|Any CPU
		{61C46603-CB09-43EF-B21C-107663DE4315}.Ad-Hoc|x86.Build.0 = Release|Any CPU
		{61C46603-CB09-43EF-B21C-107663DE4315}.AppStore|Any CPU.ActiveCfg = Release|Any CPU
		{61C46603-CB09-43EF-B21C-107663DE4315}.AppStore|Any CPU.Build.0 = Release|Any CPU
		{61C46603-CB09-43EF-B21C-107663DE4315}.AppStore|ARM.ActiveCfg = Release|Any CPU
		{61C46603-CB09-43EF-B21C-107663DE4315}.AppStore|ARM.Build.0 = Release|Any CPU
		{61C46603-CB09-43EF-B21C-107663DE4315}.AppStore|iPhone.ActiveCfg = Release|Any CPU
		{61C46603-CB09-43EF-B21C-107663DE4315}.AppStore|iPhone.Build.0 = Release|Any CPU
		{61C46603-CB09-43EF-B21C-107663DE4315}.AppStore|iPhoneSimulator.ActiveCfg = Release|Any CPU
		{61C46603-CB09-43EF-B21C-107663DE4315}.AppStore|iPhoneSimulator.Build.0 = Release|Any CPU
		{61C46603-CB09-43EF-B21C-107663DE4315}.AppStore|x64.ActiveCfg = Release|Any CPU
		{61C46603-CB09-43EF-B21C-107663DE4315}.AppStore|x64.Build.0 = Release|Any CPU
		{61C46603-CB09-43EF-B21C-107663DE4315}.AppStore|x86.ActiveCfg = Release|Any CPU
		{61C46603-CB09-43EF-B21C-107663DE4315}.AppStore|x86.Build.0 = Release|Any CPU
		{61C46603-CB09-43EF-B21C-107663DE4315}.Debug|Any CPU.ActiveCfg = Debug|Any CPU
		{61C46603-CB09-43EF-B21C-107663DE4315}.Debug|Any CPU.Build.0 = Debug|Any CPU
		{61C46603-CB09-43EF-B21C-107663DE4315}.Debug|ARM.ActiveCfg = Debug|Any CPU
		{61C46603-CB09-43EF-B21C-107663DE4315}.Debug|ARM.Build.0 = Debug|Any CPU
		{61C46603-CB09-43EF-B21C-107663DE4315}.Debug|iPhone.ActiveCfg = Debug|Any CPU
		{61C46603-CB09-43EF-B21C-107663DE4315}.Debug|iPhone.Build.0 = Debug|Any CPU
		{61C46603-CB09-43EF-B21C-107663DE4315}.Debug|iPhoneSimulator.ActiveCfg = Debug|Any CPU
		{61C46603-CB09-43EF-B21C-107663DE4315}.Debug|iPhoneSimulator.Build.0 = Debug|Any CPU
		{61C46603-CB09-43EF-B21C-107663DE4315}.Debug|x64.ActiveCfg = Debug|Any CPU
		{61C46603-CB09-43EF-B21C-107663DE4315}.Debug|x64.Build.0 = Debug|Any CPU
		{61C46603-CB09-43EF-B21C-107663DE4315}.Debug|x86.ActiveCfg = Debug|Any CPU
		{61C46603-CB09-43EF-B21C-107663DE4315}.Debug|x86.Build.0 = Debug|Any CPU
		{61C46603-CB09-43EF-B21C-107663DE4315}.Release|Any CPU.ActiveCfg = Release|Any CPU
		{61C46603-CB09-43EF-B21C-107663DE4315}.Release|Any CPU.Build.0 = Release|Any CPU
		{61C46603-CB09-43EF-B21C-107663DE4315}.Release|ARM.ActiveCfg = Release|Any CPU
		{61C46603-CB09-43EF-B21C-107663DE4315}.Release|ARM.Build.0 = Release|Any CPU
		{61C46603-CB09-43EF-B21C-107663DE4315}.Release|iPhone.ActiveCfg = Release|Any CPU
		{61C46603-CB09-43EF-B21C-107663DE4315}.Release|iPhone.Build.0 = Release|Any CPU
		{61C46603-CB09-43EF-B21C-107663DE4315}.Release|iPhoneSimulator.ActiveCfg = Release|Any CPU
		{61C46603-CB09-43EF-B21C-107663DE4315}.Release|iPhoneSimulator.Build.0 = Release|Any CPU
		{61C46603-CB09-43EF-B21C-107663DE4315}.Release|x64.ActiveCfg = Release|Any CPU
		{61C46603-CB09-43EF-B21C-107663DE4315}.Release|x64.Build.0 = Release|Any CPU
		{61C46603-CB09-43EF-B21C-107663DE4315}.Release|x86.ActiveCfg = Release|Any CPU
		{61C46603-CB09-43EF-B21C-107663DE4315}.Release|x86.Build.0 = Release|Any CPU
		{5ECF2AC9-DB6B-4B37-8E24-67F943A27D0A}.Ad-Hoc|Any CPU.ActiveCfg = Release|Any CPU
		{5ECF2AC9-DB6B-4B37-8E24-67F943A27D0A}.Ad-Hoc|Any CPU.Build.0 = Release|Any CPU
		{5ECF2AC9-DB6B-4B37-8E24-67F943A27D0A}.Ad-Hoc|ARM.ActiveCfg = Release|Any CPU
		{5ECF2AC9-DB6B-4B37-8E24-67F943A27D0A}.Ad-Hoc|ARM.Build.0 = Release|Any CPU
		{5ECF2AC9-DB6B-4B37-8E24-67F943A27D0A}.Ad-Hoc|iPhone.ActiveCfg = Release|Any CPU
		{5ECF2AC9-DB6B-4B37-8E24-67F943A27D0A}.Ad-Hoc|iPhone.Build.0 = Release|Any CPU
		{5ECF2AC9-DB6B-4B37-8E24-67F943A27D0A}.Ad-Hoc|iPhoneSimulator.ActiveCfg = Release|Any CPU
		{5ECF2AC9-DB6B-4B37-8E24-67F943A27D0A}.Ad-Hoc|iPhoneSimulator.Build.0 = Release|Any CPU
		{5ECF2AC9-DB6B-4B37-8E24-67F943A27D0A}.Ad-Hoc|x64.ActiveCfg = Release|Any CPU
		{5ECF2AC9-DB6B-4B37-8E24-67F943A27D0A}.Ad-Hoc|x64.Build.0 = Release|Any CPU
		{5ECF2AC9-DB6B-4B37-8E24-67F943A27D0A}.Ad-Hoc|x86.ActiveCfg = Release|Any CPU
		{5ECF2AC9-DB6B-4B37-8E24-67F943A27D0A}.Ad-Hoc|x86.Build.0 = Release|Any CPU
		{5ECF2AC9-DB6B-4B37-8E24-67F943A27D0A}.AppStore|Any CPU.ActiveCfg = Release|Any CPU
		{5ECF2AC9-DB6B-4B37-8E24-67F943A27D0A}.AppStore|Any CPU.Build.0 = Release|Any CPU
		{5ECF2AC9-DB6B-4B37-8E24-67F943A27D0A}.AppStore|ARM.ActiveCfg = Release|Any CPU
		{5ECF2AC9-DB6B-4B37-8E24-67F943A27D0A}.AppStore|ARM.Build.0 = Release|Any CPU
		{5ECF2AC9-DB6B-4B37-8E24-67F943A27D0A}.AppStore|iPhone.ActiveCfg = Release|Any CPU
		{5ECF2AC9-DB6B-4B37-8E24-67F943A27D0A}.AppStore|iPhone.Build.0 = Release|Any CPU
		{5ECF2AC9-DB6B-4B37-8E24-67F943A27D0A}.AppStore|iPhoneSimulator.ActiveCfg = Release|Any CPU
		{5ECF2AC9-DB6B-4B37-8E24-67F943A27D0A}.AppStore|iPhoneSimulator.Build.0 = Release|Any CPU
		{5ECF2AC9-DB6B-4B37-8E24-67F943A27D0A}.AppStore|x64.ActiveCfg = Release|Any CPU
		{5ECF2AC9-DB6B-4B37-8E24-67F943A27D0A}.AppStore|x64.Build.0 = Release|Any CPU
		{5ECF2AC9-DB6B-4B37-8E24-67F943A27D0A}.AppStore|x86.ActiveCfg = Release|Any CPU
		{5ECF2AC9-DB6B-4B37-8E24-67F943A27D0A}.AppStore|x86.Build.0 = Release|Any CPU
		{5ECF2AC9-DB6B-4B37-8E24-67F943A27D0A}.Debug|Any CPU.ActiveCfg = Debug|Any CPU
		{5ECF2AC9-DB6B-4B37-8E24-67F943A27D0A}.Debug|Any CPU.Build.0 = Debug|Any CPU
		{5ECF2AC9-DB6B-4B37-8E24-67F943A27D0A}.Debug|ARM.ActiveCfg = Debug|Any CPU
		{5ECF2AC9-DB6B-4B37-8E24-67F943A27D0A}.Debug|ARM.Build.0 = Debug|Any CPU
		{5ECF2AC9-DB6B-4B37-8E24-67F943A27D0A}.Debug|iPhone.ActiveCfg = Debug|Any CPU
		{5ECF2AC9-DB6B-4B37-8E24-67F943A27D0A}.Debug|iPhone.Build.0 = Debug|Any CPU
		{5ECF2AC9-DB6B-4B37-8E24-67F943A27D0A}.Debug|iPhoneSimulator.ActiveCfg = Debug|Any CPU
		{5ECF2AC9-DB6B-4B37-8E24-67F943A27D0A}.Debug|iPhoneSimulator.Build.0 = Debug|Any CPU
		{5ECF2AC9-DB6B-4B37-8E24-67F943A27D0A}.Debug|x64.ActiveCfg = Debug|Any CPU
		{5ECF2AC9-DB6B-4B37-8E24-67F943A27D0A}.Debug|x64.Build.0 = Debug|Any CPU
		{5ECF2AC9-DB6B-4B37-8E24-67F943A27D0A}.Debug|x86.ActiveCfg = Debug|Any CPU
		{5ECF2AC9-DB6B-4B37-8E24-67F943A27D0A}.Debug|x86.Build.0 = Debug|Any CPU
		{5ECF2AC9-DB6B-4B37-8E24-67F943A27D0A}.Release|Any CPU.ActiveCfg = Release|Any CPU
		{5ECF2AC9-DB6B-4B37-8E24-67F943A27D0A}.Release|Any CPU.Build.0 = Release|Any CPU
		{5ECF2AC9-DB6B-4B37-8E24-67F943A27D0A}.Release|ARM.ActiveCfg = Release|Any CPU
		{5ECF2AC9-DB6B-4B37-8E24-67F943A27D0A}.Release|ARM.Build.0 = Release|Any CPU
		{5ECF2AC9-DB6B-4B37-8E24-67F943A27D0A}.Release|iPhone.ActiveCfg = Release|Any CPU
		{5ECF2AC9-DB6B-4B37-8E24-67F943A27D0A}.Release|iPhone.Build.0 = Release|Any CPU
		{5ECF2AC9-DB6B-4B37-8E24-67F943A27D0A}.Release|iPhoneSimulator.ActiveCfg = Release|Any CPU
		{5ECF2AC9-DB6B-4B37-8E24-67F943A27D0A}.Release|iPhoneSimulator.Build.0 = Release|Any CPU
		{5ECF2AC9-DB6B-4B37-8E24-67F943A27D0A}.Release|x64.ActiveCfg = Release|Any CPU
		{5ECF2AC9-DB6B-4B37-8E24-67F943A27D0A}.Release|x64.Build.0 = Release|Any CPU
		{5ECF2AC9-DB6B-4B37-8E24-67F943A27D0A}.Release|x86.ActiveCfg = Release|Any CPU
		{5ECF2AC9-DB6B-4B37-8E24-67F943A27D0A}.Release|x86.Build.0 = Release|Any CPU
		{F0BFA92B-E30E-4A5A-B5B0-F57E94AEF278}.Ad-Hoc|Any CPU.ActiveCfg = Release
		{F0BFA92B-E30E-4A5A-B5B0-F57E94AEF278}.Ad-Hoc|ARM.ActiveCfg = Release
		{F0BFA92B-E30E-4A5A-B5B0-F57E94AEF278}.Ad-Hoc|iPhone.ActiveCfg = Release
		{F0BFA92B-E30E-4A5A-B5B0-F57E94AEF278}.Ad-Hoc|iPhoneSimulator.ActiveCfg = Release
		{F0BFA92B-E30E-4A5A-B5B0-F57E94AEF278}.Ad-Hoc|x64.ActiveCfg = Release
		{F0BFA92B-E30E-4A5A-B5B0-F57E94AEF278}.Ad-Hoc|x86.ActiveCfg = Release
		{F0BFA92B-E30E-4A5A-B5B0-F57E94AEF278}.AppStore|Any CPU.ActiveCfg = Release
		{F0BFA92B-E30E-4A5A-B5B0-F57E94AEF278}.AppStore|ARM.ActiveCfg = Release
		{F0BFA92B-E30E-4A5A-B5B0-F57E94AEF278}.AppStore|iPhone.ActiveCfg = Release
		{F0BFA92B-E30E-4A5A-B5B0-F57E94AEF278}.AppStore|iPhoneSimulator.ActiveCfg = Release
		{F0BFA92B-E30E-4A5A-B5B0-F57E94AEF278}.AppStore|x64.ActiveCfg = Release
		{F0BFA92B-E30E-4A5A-B5B0-F57E94AEF278}.AppStore|x86.ActiveCfg = Release
		{F0BFA92B-E30E-4A5A-B5B0-F57E94AEF278}.Debug|Any CPU.ActiveCfg = Debug
		{F0BFA92B-E30E-4A5A-B5B0-F57E94AEF278}.Debug|ARM.ActiveCfg = Debug
		{F0BFA92B-E30E-4A5A-B5B0-F57E94AEF278}.Debug|iPhone.ActiveCfg = Debug
		{F0BFA92B-E30E-4A5A-B5B0-F57E94AEF278}.Debug|iPhoneSimulator.ActiveCfg = Debug
		{F0BFA92B-E30E-4A5A-B5B0-F57E94AEF278}.Debug|x64.ActiveCfg = Debug
		{F0BFA92B-E30E-4A5A-B5B0-F57E94AEF278}.Debug|x86.ActiveCfg = Debug
		{F0BFA92B-E30E-4A5A-B5B0-F57E94AEF278}.Release|Any CPU.ActiveCfg = Release
		{F0BFA92B-E30E-4A5A-B5B0-F57E94AEF278}.Release|ARM.ActiveCfg = Release
		{F0BFA92B-E30E-4A5A-B5B0-F57E94AEF278}.Release|iPhone.ActiveCfg = Release
		{F0BFA92B-E30E-4A5A-B5B0-F57E94AEF278}.Release|iPhoneSimulator.ActiveCfg = Release
		{F0BFA92B-E30E-4A5A-B5B0-F57E94AEF278}.Release|x64.ActiveCfg = Release
		{F0BFA92B-E30E-4A5A-B5B0-F57E94AEF278}.Release|x86.ActiveCfg = Release
	EndGlobalSection
	GlobalSection(SolutionProperties) = preSolution
		HideSolutionNode = FALSE
	EndGlobalSection
	GlobalSection(NestedProjects) = preSolution
		{B2695E98-2452-4150-9A00-8D458EAC7E2D} = {DDED50A8-69DC-42B7-BB23-85C46BCBEBD5}
		{B69C8743-BD70-475E-B6D0-F22134888B68} = {5B4FA276-65D5-4C06-B0CE-A5A9DF470345}
		{61C46603-CB09-43EF-B21C-107663DE4315} = {8F55B62E-A6D3-41FC-AF74-60F5D637725B}
		{5ECF2AC9-DB6B-4B37-8E24-67F943A27D0A} = {D32F623A-AAE9-497D-B2CC-BA6AEF37B80E}
		{F0BFA92B-E30E-4A5A-B5B0-F57E94AEF278} = {34825B00-B9D4-46F8-8A90-E3B40346B5C0}
	EndGlobalSection
EndGlobal
